
Microsoft Visual Studio Solution File, Format Version 12.00
# Visual Studio Version 16
VisualStudioVersion = 16.0.29806.167
MinimumVisualStudioVersion = 10.0.40219.1
Project("{8BC9CEB8-8B4A-11D0-8D11-00A0C91BC942}") = "subsets", "subsets\subsets.vcxproj", "{54FE2CAC-02C4-4F56-B2FE-9ABCD2D3C280}"
EndProject
Global
	GlobalSection(SolutionConfigurationPlatforms) = preSolution
		Debug|x64 = Debug|x64
		Debug|x86 = Debug|x86
		Release|x64 = Release|x64
		Release|x86 = Release|x86
	EndGlobalSection
	GlobalSection(ProjectConfigurationPlatforms) = postSolution
		{54FE2CAC-02C4-4F56-B2FE-9ABCD2D3C280}.Debug|x64.ActiveCfg = Debug|x64
		{54FE2CAC-02C4-4F56-B2FE-9ABCD2D3C280}.Debug|x64.Build.0 = Debug|x64
		{54FE2CAC-02C4-4F56-B2FE-9ABCD2D3C280}.Debug|x86.ActiveCfg = Debug|Win32
		{54FE2CAC-02C4-4F56-B2FE-9ABCD2D3C280}.Debug|x86.Build.0 = Debug|Win32
		{54FE2CAC-02C4-4F56-B2FE-9ABCD2D3C280}.Release|x64.ActiveCfg = Release|x64
		{54FE2CAC-02C4-4F56-B2FE-9ABCD2D3C280}.Release|x64.Build.0 = Release|x64
		{54FE2CAC-02C4-4F56-B2FE-9ABCD2D3C280}.Release|x86.ActiveCfg = Release|Win32
		{54FE2CAC-02C4-4F56-B2FE-9ABCD2D3C280}.Release|x86.Build.0 = Release|Win32
	EndGlobalSection
	GlobalSection(SolutionProperties) = preSolution
		HideSolutionNode = FALSE
	EndGlobalSection
	GlobalSection(ExtensibilityGlobals) = postSolution
		SolutionGuid = {C82E1313-2373-462A-8A47-40A5F68823E9}
	EndGlobalSection
EndGlobal
